
Microsoft Visual Studio Solution File, Format Version 12.00
# Visual Studio Version 17
VisualStudioVersion = 17.2.32630.192
MinimumVisualStudioVersion = 10.0.40219.1
Project("{9A19103F-16F7-4668-BE54-9A1E7A4F7556}") = "GitHubClient.Ui", "GitHubClient.Ui.csproj", "{02B60C28-F8A3-4D88-81DC-91B5F8851504}"
EndProject
Global
	GlobalSection(SolutionConfigurationPlatforms) = preSolution
		Debug|Any CPU = Debug|Any CPU
		Release|Any CPU = Release|Any CPU
	EndGlobalSection
	GlobalSection(ProjectConfigurationPlatforms) = postSolution
		{02B60C28-F8A3-4D88-81DC-91B5F8851504}.Debug|Any CPU.ActiveCfg = Debug|Any CPU
		{02B60C28-F8A3-4D88-81DC-91B5F8851504}.Debug|Any CPU.Build.0 = Debug|Any CPU
		{02B60C28-F8A3-4D88-81DC-91B5F8851504}.Release|Any CPU.ActiveCfg = Release|Any CPU
		{02B60C28-F8A3-4D88-81DC-91B5F8851504}.Release|Any CPU.Build.0 = Release|Any CPU
	EndGlobalSection
	GlobalSection(SolutionProperties) = preSolution
		HideSolutionNode = FALSE
	EndGlobalSection
	GlobalSection(ExtensibilityGlobals) = postSolution
		SolutionGuid = {5378A8DF-8423-44EF-AE82-850081BA90DA}
	EndGlobalSection
EndGlobal
